lockfile_version: '1'
generated_at: '2026-07-06T13:49:49.554726+00:00'
apm_version: 0.21.0
dependencies:
- repo_url: mattpocock/skills
  host: github.com
  resolved_commit: 16a2a5cd00b4416f673f4ff38c7971a04dd708e7
  resolved_ref: main
  virtual_path: skills/productivity/grilling
  is_virtual: true
  package_type: claude_skill
  deployed_files:
  - .agents/skills/grilling
  - .agents/skills/grilling/SKILL.md
  - .claude/skills/grilling
  - .claude/skills/grilling/SKILL.md
  deployed_file_hashes:
    .agents/skills/grilling/SKILL.md: sha256:5a35925d03a391bcfa46940868b649b72dba89ec9c19525e785bbb6bd3a7f478
    .claude/skills/grilling/SKILL.md: sha256:5a35925d03a391bcfa46940868b649b72dba89ec9c19525e785bbb6bd3a7f478
  content_hash: sha256:1de9e777a60b184b29412fadacb7bbde8c14bb7037e5c4d9d086c941281d1742
- repo_url: microsoft/playwright-cli
  host: github.com
  resolved_commit: 74d9bf144a96770b6295ceedecb07a2fd7e86775
  resolved_ref: main
  virtual_path: skills/playwright-cli
  is_virtual: true
  package_type: claude_skill
  deployed_files:
  - .agents/skills/playwright-cli
  - .agents/skills/playwright-cli/SKILL.md
  - .agents/skills/playwright-cli/references/element-attributes.md
  - .agents/skills/playwright-cli/references/playwright-tests.md
  - .agents/skills/playwright-cli/references/request-mocking.md
  - .agents/skills/playwright-cli/references/running-code.md
  - .agents/skills/playwright-cli/references/session-management.md
  - .agents/skills/playwright-cli/references/spec-driven-testing.md
  - .agents/skills/playwright-cli/references/storage-state.md
  - .agents/skills/playwright-cli/references/test-generation.md
  - .agents/skills/playwright-cli/references/tracing.md
  - .agents/skills/playwright-cli/references/video-recording.md
  - .claude/skills/playwright-cli
  - .claude/skills/playwright-cli/SKILL.md
  - .claude/skills/playwright-cli/references/element-attributes.md
  - .claude/skills/playwright-cli/references/playwright-tests.md
  - .claude/skills/playwright-cli/references/request-mocking.md
  - .claude/skills/playwright-cli/references/running-code.md
  - .claude/skills/playwright-cli/references/session-management.md
  - .claude/skills/playwright-cli/references/spec-driven-testing.md
  - .claude/skills/playwright-cli/references/storage-state.md
  - .claude/skills/playwright-cli/references/test-generation.md
  - .claude/skills/playwright-cli/references/tracing.md
  - .claude/skills/playwright-cli/references/video-recording.md
  deployed_file_hashes:
    .agents/skills/playwright-cli/SKILL.md: sha256:e72ed4ba7e35b594056efedbd1d773b747d501a18b29ad4f04ab58224f48d7ed
    .agents/skills/playwright-cli/references/element-attributes.md: sha256:bf19aa4671e0a50a0fefa9c790f39124e803060eefe395042b723c29fcb7faa2
    .agents/skills/playwright-cli/references/playwright-tests.md: sha256:c5b0719fef2cfdff50bd744051b2f9afc119775db4b48e9b2882c1cf3886797c
    .agents/skills/playwright-cli/references/request-mocking.md: sha256:54e801c9663fc2b6d68ceb058cb1c360724c2499f42acc7852a68e83e5b5f37c
    .agents/skills/playwright-cli/references/running-code.md: sha256:d95c539a5990b71d02d8bdf1d9414df16191eb6cff95b0063820518b7a13dcb2
    .agents/skills/playwright-cli/references/session-management.md: sha256:cd3e261b8763bf952f1e371b876cb78d054379afec85482f9250633e1b7e6c44
    .agents/skills/playwright-cli/references/spec-driven-testing.md: sha256:3326b3af65ed6e05180aa394a7fd578f29822e67bde9f22f7c7f94e6c8e3a594
    .agents/skills/playwright-cli/references/storage-state.md: sha256:9ac47f9ae4a1aedcd2077f8ac9ab1ba6bee1962cb83ff51adcd36fb6d83b5ec6
    .agents/skills/playwright-cli/references/test-generation.md: sha256:2a9c4d94effa31b05cf367dfa8bbace8874a3bc9799987ad2b03269af224d299
    .agents/skills/playwright-cli/references/tracing.md: sha256:792e0ac7705e56ac48df84c0f5400221ce86107897c671590a64a4ea6a82508e
    .agents/skills/playwright-cli/references/video-recording.md: sha256:8555ab5400df0d90e66318aacc0a8a4418fbf872e7463824d55d5c41615abd83
    .claude/skills/playwright-cli/SKILL.md: sha256:e72ed4ba7e35b594056efedbd1d773b747d501a18b29ad4f04ab58224f48d7ed
    .claude/skills/playwright-cli/references/element-attributes.md: sha256:bf19aa4671e0a50a0fefa9c790f39124e803060eefe395042b723c29fcb7faa2
    .claude/skills/playwright-cli/references/playwright-tests.md: sha256:c5b0719fef2cfdff50bd744051b2f9afc119775db4b48e9b2882c1cf3886797c
    .claude/skills/playwright-cli/references/request-mocking.md: sha256:54e801c9663fc2b6d68ceb058cb1c360724c2499f42acc7852a68e83e5b5f37c
    .claude/skills/playwright-cli/references/running-code.md: sha256:d95c539a5990b71d02d8bdf1d9414df16191eb6cff95b0063820518b7a13dcb2
    .claude/skills/playwright-cli/references/session-management.md: sha256:cd3e261b8763bf952f1e371b876cb78d054379afec85482f9250633e1b7e6c44
    .claude/skills/playwright-cli/references/spec-driven-testing.md: sha256:3326b3af65ed6e05180aa394a7fd578f29822e67bde9f22f7c7f94e6c8e3a594
    .claude/skills/playwright-cli/references/storage-state.md: sha256:9ac47f9ae4a1aedcd2077f8ac9ab1ba6bee1962cb83ff51adcd36fb6d83b5ec6
    .claude/skills/playwright-cli/references/test-generation.md: sha256:2a9c4d94effa31b05cf367dfa8bbace8874a3bc9799987ad2b03269af224d299
    .claude/skills/playwright-cli/references/tracing.md: sha256:792e0ac7705e56ac48df84c0f5400221ce86107897c671590a64a4ea6a82508e
    .claude/skills/playwright-cli/references/video-recording.md: sha256:8555ab5400df0d90e66318aacc0a8a4418fbf872e7463824d55d5c41615abd83
  content_hash: sha256:75765540e8eac67f5850207dacf1e2d410763a13841658367b9be6e81ecd8010
